
Microsoft Visual Studio Solution File, Format Version 12.00
# Visual Studio Version 17
VisualStudioVersion = 17.11.35312.102
MinimumVisualStudioVersion = 10.0.40219.1
Project("{888888A0-9F3D-457C-B088-3A5042F75D52}") = "module_5_2", "module_5_2.pyproj", "{223845A3-298F-4366-871A-C9340BC5579E}"
EndProject
Global
	GlobalSection(SolutionConfigurationPlatforms) = preSolution
		Debug|Any CPU = Debug|Any CPU
		Release|Any CPU = Release|Any CPU
	EndGlobalSection
	GlobalSection(ProjectConfigurationPlatforms) = postSolution
		{223845A3-298F-4366-871A-C9340BC5579E}.Debug|Any CPU.ActiveCfg = Debug|Any CPU
		{223845A3-298F-4366-871A-C9340BC5579E}.Release|Any CPU.ActiveCfg = Release|Any CPU
	EndGlobalSection
	GlobalSection(SolutionProperties) = preSolution
		HideSolutionNode = FALSE
	EndGlobalSection
	GlobalSection(ExtensibilityGlobals) = postSolution
		SolutionGuid = {F7BA8ABB-0CCD-485F-BC2A-C49653321E51}
	EndGlobalSection
EndGlobal
